{
  "version": "3",
  "packages": {
    "specifiers": {
      "npm:@types/node": "npm:@types/node@18.16.19",
      "npm:mysql2@^2.3.3": "npm:mysql2@2.3.3"
    },
    "npm": {
      "@types/node@18.16.19": {
        "integrity": "sha512-IXl7o+R9iti9eBW4Wg2hx1xQDig183jj7YLn8F7udNceyfkbn1ZxmzZXuak20gR40D7pIkIY1kYGx5VIGbaHKA==",
        "dependencies": {}
      },
      "denque@2.1.0": {
        "integrity": "sha512-HVQE3AAb/pxF8fQAoiqpvg9i3evqug3hoiwakOyZAwJm+6vZehbkYXZ0l4JxS+I3QxM97v5aaRNhj8v5oBhekw==",
        "dependencies": {}
      },
      "generate-function@2.3.1": {
        "integrity": "sha512-eeB5GfMNeevm/GRYq20ShmsaGcmI81kIX2K9XQx5miC8KdHaC6Jm0qQ8ZNeGOi7wYB8OsdxKs+Y2oVuTFuVwKQ==",
        "dependencies": {
          "is-property": "is-property@1.0.2"
        }
      },
      "iconv-lite@0.6.3": {
        "integrity": "sha512-4fCk79wshMdzMp2rH06qWrJE4iolqLhCUH+OiuIgU++RB0+94NlDL81atO7GX55uUKueo0txHNtvEyI6D7WdMw==",
        "dependencies": {
          "safer-buffer": "safer-buffer@2.1.2"
        }
      },
      "is-property@1.0.2": {
        "integrity": "sha512-Ks/IoX00TtClbGQr4TWXemAnktAQvYB7HzcCxDGqEZU6oCmb2INHuOoKxbtR+HFkmYWBKv/dOZtGRiAjDhj92g==",
        "dependencies": {}
      },
      "long@4.0.0": {
        "integrity": "sha512-XsP+KhQif4bjX1kbuSiySJFNAehNxgLb6hPRGJ9QsUr8ajHkuXGdrHmFUTUUXhDwVX2R5bY4JNZEwbUiMhV+MA==",
        "dependencies": {}
      },
      "lru-cache@6.0.0": {
        "integrity": "sha512-Jo6dJ04CmSjuznwJSS3pUeWmd/H0ffTlkXXgwZi+eq1UCmqQwCh+eLsYOYCwY991i2Fah4h1BEMCx4qThGbsiA==",
        "dependencies": {
          "yallist": "yallist@4.0.0"
        }
      },
      "lru-cache@7.18.3": {
        "integrity": "sha512-jumlc0BIUrS3qJGgIkWZsyfAM7NCWiBcCDhnd+3NNM5KbBmLTgHVfWBcg6W+rLUsIpzpERPsvwUP7CckAQSOoA==",
        "dependencies": {}
      },
      "mysql2@2.3.3": {
        "integrity": "sha512-wxJUev6LgMSgACDkb/InIFxDprRa6T95+VEoR+xPvtngtccNH2dGjEB/fVZ8yg1gWv1510c9CvXuJHi5zUm0ZA==",
        "dependencies": {
          "denque": "denque@2.1.0",
          "generate-function": "generate-function@2.3.1",
          "iconv-lite": "iconv-lite@0.6.3",
          "long": "long@4.0.0",
          "lru-cache": "lru-cache@6.0.0",
          "named-placeholders": "named-placeholders@1.1.3",
          "seq-queue": "seq-queue@0.0.5",
          "sqlstring": "sqlstring@2.3.3"
        }
      },
      "named-placeholders@1.1.3": {
        "integrity": "sha512-eLoBxg6wE/rZkJPhU/xRX1WTpkFEwDJEN96oxFrTsqBdbT5ec295Q+CoHrL9IT0DipqKhmGcaZmwOt8OON5x1w==",
        "dependencies": {
          "lru-cache": "lru-cache@7.18.3"
        }
      },
      "safer-buffer@2.1.2": {
        "integrity": "sha512-YZo3K82SD7Riyi0E1EQPojLz7kpepnSQI9IyPbHHg1XXXevb5dJI7tpyN2ADxGcQbHG7vcyRHk0cbwqcQriUtg==",
        "dependencies": {}
      },
      "seq-queue@0.0.5": {
        "integrity": "sha512-hr3Wtp/GZIc/6DAGPDcV4/9WoZhjrkXsi5B/07QgX8tsdc6ilr7BFM6PM6rbdAX1kFSDYeZGLipIZZKyQP0O5Q==",
        "dependencies": {}
      },
      "sqlstring@2.3.3": {
        "integrity": "sha512-qC9iz2FlN7DQl3+wjwn3802RTyjCx7sDvfQEXchwa6CWOx07/WVfh91gBmQ9fahw8snwGEWU3xGzOt4tFyHLxg==",
        "dependencies": {}
      },
      "yallist@4.0.0": {
        "integrity": "sha512-3wdGidZyq5PB084XLES5TpOSRA3wjXAlIWMhum2kRcv/41Sn2emQ0dycQW4uZXLejwKvg6EsvbdlVL+FYEct7A==",
        "dependencies": {}
      }
    }
  },
  "remote": {
    "https://deno.land/std@0.130.0/_deno_unstable.ts": "23a1a36928f1b6d3b0170aaa67de09af12aa998525f608ff7331b9fb364cbde6",
    "https://deno.land/std@0.130.0/_util/assert.ts": "e94f2eb37cebd7f199952e242c77654e43333c1ac4c5c700e929ea3aa5489f74",
    "https://deno.land/std@0.130.0/_util/os.ts": "49b92edea1e82ba295ec946de8ffd956ed123e2948d9bd1d3e901b04e4307617",
    "https://deno.land/std@0.130.0/async/abortable.ts": "a896ac6b0d4237bd2d2d248217cfa1f0d85ccda93cb25ebda55e33850e526be6",
    "https://deno.land/std@0.130.0/async/deadline.ts": "48ac998d7564969f3e6ec6b6f9bf0217ebd00239b1b2292feba61272d5dd58d0",
    "https://deno.land/std@0.130.0/async/debounce.ts": "564273ef242bcfcda19a439132f940db8694173abffc159ea34f07d18fc42620",
    "https://deno.land/std@0.130.0/async/deferred.ts": "bc18e28108252c9f67dfca2bbc4587c3cbf3aeb6e155f8c864ca8ecff992b98a",
    "https://deno.land/std@0.130.0/async/delay.ts": "cbbdf1c87d1aed8edc7bae13592fb3e27e3106e0748f089c263390d4f49e5f6c",
    "https://deno.land/std@0.130.0/async/mod.ts": "2240c6841157738414331f47dee09bb8c0482c5b1980b6e3234dd03515c8132f",
    "https://deno.land/std@0.130.0/async/mux_async_iterator.ts": "f4d1d259b0c694d381770ddaaa4b799a94843eba80c17f4a2ec2949168e52d1e",
    "https://deno.land/std@0.130.0/async/pool.ts": "97b0dd27c69544e374df857a40902e74e39532f226005543eabacb551e277082",
    "https://deno.land/std@0.130.0/async/tee.ts": "1341feb1f5b1a96f8628d0f8fc07d8c43d3813423f18a63bf1b4785568d21b1f",
    "https://deno.land/std@0.130.0/bytes/bytes_list.ts": "67eb118e0b7891d2f389dad4add35856f4ad5faab46318ff99653456c23b025d",
    "https://deno.land/std@0.130.0/bytes/equals.ts": "fc16dff2090cced02497f16483de123dfa91e591029f985029193dfaa9d894c9",
    "https://deno.land/std@0.130.0/bytes/mod.ts": "d3b455c0dbd4804644159d1e25946ade5ee385d2359894de49e2c6101b18b7a9",
    "https://deno.land/std@0.130.0/collections/map_values.ts": "48d387d2b9390a03fcb3cead025199aa9bc5a51195c2f819a9fd2b7e35aa62cd",
    "https://deno.land/std@0.130.0/encoding/base64.ts": "c8c16b4adaa60d7a8eee047c73ece26844435e8f7f1328d74593dbb2dd58ea4f",
    "https://deno.land/std@0.130.0/encoding/base64url.ts": "55f9d13df02efac10c6f96169daa3e702606a64e8aa27c0295f645f198c27130",
    "https://deno.land/std@0.130.0/flags/mod.ts": "430cf2d1c26e00286373b2647ebdca637f7558505e88e9c108a4742cd184c916",
    "https://deno.land/std@0.130.0/fmt/colors.ts": "30455035d6d728394781c10755351742dd731e3db6771b1843f9b9e490104d37",
    "https://deno.land/std@0.130.0/fmt/printf.ts": "e2c0f72146aed1efecf0c39ab928b26ae493a2278f670a871a0fbdcf36ff3379",
    "https://deno.land/std@0.130.0/io/buffer.ts": "bd0c4bf53db4b4be916ca5963e454bddfd3fcd45039041ea161dbf826817822b",
    "https://deno.land/std@0.130.0/node/_buffer.mjs": "f4a7df481d4eed06dc0151b833177d8ef74fc3a96dd4d2b073e690b6ced9474d",
    "https://deno.land/std@0.130.0/node/_core.ts": "568d277be2e086af996cbdd599fec569f5280e9a494335ca23ad392b130d7bb9",
    "https://deno.land/std@0.130.0/node/_events.mjs": "d7d56df4b9f69e445064bad5e5558978fb18c18c439bbb62fa13149b40d7fb99",
    "https://deno.land/std@0.130.0/node/_fixed_queue.ts": "455b3c484de48e810b13bdf95cd1658ecb1ba6bcb8b9315ffe994efcde3ba5f5",
    "https://deno.land/std@0.130.0/node/_next_tick.ts": "64c361f6bca21df2a72dd77b84bd49d80d97a694dd3080703bc78f52146351d1",
    "https://deno.land/std@0.130.0/node/_options.ts": "27f3c1269a700d330cc046cf748aa9178b8fc39d1473de625688e07cb0eb9d28",
    "https://deno.land/std@0.130.0/node/_process/exiting.ts": "bc9694769139ffc596f962087155a8bfef10101d03423b9dcbc51ce6e1f88fce",
    "https://deno.land/std@0.130.0/node/_process/process.ts": "dfc4a4c49043613c2dbde04c1503c7a4c95f05d590d7236f2a9577e1e3d38672",
    "https://deno.land/std@0.130.0/node/_process/stdio.mjs": "971c3b086040d8521562155db13f22f9971d5c42c852b2081d4d2f0d8b6ab6bd",
    "https://deno.land/std@0.130.0/node/_process/streams.mjs": "555062e177ad05f887147651fdda25fa55098475fcf142c8d162b8fe14097bbb",
    "https://deno.land/std@0.130.0/node/_stream.mjs": "07f6cbabaad0382fb4b9a25e70ac3093a44022b859247f64726746e6373f1c91",
    "https://deno.land/std@0.130.0/node/_util/_util_callbackify.ts": "79928ad80df3e469f7dcdb198118a7436d18a9f6c08bd7a4382332ad25a718cf",
    "https://deno.land/std@0.130.0/node/_utils.ts": "c2c352e83c4c96f5ff994b1c8246bff2abcb21bfc3f1c06162cb3af1d201e615",
    "https://deno.land/std@0.130.0/node/buffer.ts": "fbecbf3f237fa49bec96e97ecf56a7b92d48037b3d11219288e68943cc921600",
    "https://deno.land/std@0.130.0/node/child_process.ts": "52a319792a40cf833a9d7b637e6ddb2f643a6a62e5ced533e12f394430dde39b",
    "https://deno.land/std@0.130.0/node/events.ts": "a1d40fc0dbccc944379ef968b80ea08f9fce579e88b5057fdb64e4f0812476dd",
    "https://deno.land/std@0.130.0/node/internal/blob.mjs": "52080b2f40b114203df67f8a6650f9fe3c653912b8b3ef2f31f029853df4db53",
    "https://deno.land/std@0.130.0/node/internal/buffer.mjs": "6662fe7fe517329453545be34cea27a24f8ccd6d09afd4f609f11ade2b6dfca7",
    "https://deno.land/std@0.130.0/node/internal/child_process.ts": "e88f9d95c8ea9748889354fc58b81adc70392fa2d8e47fadf8c88059a3b1ae9d",
    "https://deno.land/std@0.130.0/node/internal/crypto/keys.ts": "16ce7b15a9fc5e4e3dee8fde75dae12f3d722558d5a1a6e65a9b4f86d64a21e9",
    "https://deno.land/std@0.130.0/node/internal/crypto/util.mjs": "1de55a47fdbed6721b467a77ba48fdd1550c10b5eee77bbdb602eaffee365a5e",
    "https://deno.land/std@0.130.0/node/internal/error_codes.ts": "ac03c4eae33de3a69d6c98e8678003207eecf75a6900eb847e3fea3c8c9e6d8f",
    "https://deno.land/std@0.130.0/node/internal/errors.ts": "0d3a1eb03b654beb29b8354759a6902f45a840d4f957e9a3c632a24ce4c32632",
    "https://deno.land/std@0.130.0/node/internal/hide_stack_frames.ts": "a91962ec84610bc7ec86022c4593cdf688156a5910c07b5bcd71994225c13a03",
    "https://deno.land/std@0.130.0/node/internal/net.ts": "1239886cd2508a68624c2dae8abf895e8aa3bb15a748955349f9ac5539032238",
    "https://deno.land/std@0.130.0/node/internal/normalize_encoding.mjs": "3779ec8a7adf5d963b0224f9b85d1bc974a2ec2db0e858396b5d3c2c92138a0a",
    "https://deno.land/std@0.130.0/node/internal/streams/_utils.ts": "77fceaa766679847e4d4c3c96b2573c00a790298d90551e8e4df1d5e0fdaad3b",
    "https://deno.land/std@0.130.0/node/internal/streams/add-abort-signal.mjs": "5623b83fa64d439cc4a1f09ae47ec1db29512cc03479389614d8f62a37902f5e",
    "https://deno.land/std@0.130.0/node/internal/streams/buffer_list.mjs": "c6a7b29204fae025ff5e9383332acaea5d44bc7c522a407a79b8f7a6bc6c312d",
    "https://deno.land/std@0.130.0/node/internal/streams/compose.mjs": "b522daab35a80ae62296012a4254fd7edfc0366080ffe63ddda4e38fe6b6803e",
    "https://deno.land/std@0.130.0/node/internal/streams/destroy.mjs": "9c9bbeb172a437041d529829f433df72cf0b63ae49f3ee6080a55ffbef7572ad",
    "https://deno.land/std@0.130.0/node/internal/streams/duplex.mjs": "b014087cd04f79b8a4028d8b9423b987e07bbfacf3b5df518cb752ac3657580f",
    "https://deno.land/std@0.130.0/node/internal/streams/end-of-stream.mjs": "38be76eaceac231dfde643e72bc0940625446bf6d1dbd995c91c5ba9fd59b338",
    "https://deno.land/std@0.130.0/node/internal/streams/from.mjs": "134255c698ed63b33199911eb8e042f8f67e9682409bb11552e6120041ed1872",
    "https://deno.land/std@0.130.0/node/internal/streams/legacy.mjs": "6ea28db95d4503447473e62f0b23ff473bfe1751223c33a3c5816652e93b257a",
    "https://deno.land/std@0.130.0/node/internal/streams/passthrough.mjs": "a51074193b959f3103d94de41e23a78dfcff532bdba53af9146b86340d85eded",
    "https://deno.land/std@0.130.0/node/internal/streams/pipeline.mjs": "9890b121759ede869174ef70c011fde964ca94d81f2ed97b8622d7cb17b49285",
    "https://deno.land/std@0.130.0/node/internal/streams/readable.mjs": "a70c41171ae25c556b52785b0c178328014bd33d8c0e4d229d4adaac7414b6ca",
    "https://deno.land/std@0.130.0/node/internal/streams/state.mjs": "9ef917392a9d8005a6e038260c5fd31518d2753aea0bc9e39824c199310434cb",
    "https://deno.land/std@0.130.0/node/internal/streams/transform.mjs": "3b361abad2ac78f7ccb6f305012bafdc0e983dfa4bb6ecddb4626e34a781a5f5",
    "https://deno.land/std@0.130.0/node/internal/streams/utils.mjs": "06c21d0db0d51f1bf1e3225a661c3c29909be80355d268e64ee5922fc5eb6c5e",
    "https://deno.land/std@0.130.0/node/internal/streams/writable.mjs": "ad4e2b176ffdf752c8e678ead3a514679a5a8d652f4acf797115dceb798744d5",
    "https://deno.land/std@0.130.0/node/internal/util.mjs": "684653b962fae84fd2bc08997291b1a50bed09b95dcfa7d35e3c4143163e879a",
    "https://deno.land/std@0.130.0/node/internal/util/comparisons.ts": "680b55fe8bdf1613633bc469fa0440f43162c76dbe36af9aa2966310e1bb9f6e",
    "https://deno.land/std@0.130.0/node/internal/util/debuglog.ts": "99e91bdf26f6c67861031f684817e1705a5bc300e81346585b396f413387edfb",
    "https://deno.land/std@0.130.0/node/internal/util/inspect.mjs": "d1c2569c66a3dab45eec03208f22ad4351482527859c0011a28a6c797288a0aa",
    "https://deno.land/std@0.130.0/node/internal/util/types.ts": "b2dacb8f1f5d28a51c4da5c5b75172b7fcf694073ce95ca141323657e18b0c60",
    "https://deno.land/std@0.130.0/node/internal/validators.mjs": "a7e82eafb7deb85c332d5f8d9ffef052f46a42d4a121eada4a54232451acc49a",
    "https://deno.land/std@0.130.0/node/internal_binding/_libuv_winerror.ts": "801e05c2742ae6cd42a5f0fd555a255a7308a65732551e962e5345f55eedc519",
    "https://deno.land/std@0.130.0/node/internal_binding/_node.ts": "e4075ba8a37aef4eb5b592c8e3807c39cb49ca8653faf8e01a43421938076c1b",
    "https://deno.land/std@0.130.0/node/internal_binding/_utils.ts": "1c50883b5751a9ea1b38951e62ed63bacfdc9d69ea665292edfa28e1b1c5bd94",
    "https://deno.land/std@0.130.0/node/internal_binding/_winerror.ts": "8811d4be66f918c165370b619259c1f35e8c3e458b8539db64c704fbde0a7cd2",
    "https://deno.land/std@0.130.0/node/internal_binding/async_wrap.ts": "f06b8a403ad871248eb064190d27bf6fefdbe948991e71a18d7077390d5773f9",
    "https://deno.land/std@0.130.0/node/internal_binding/buffer.ts": "722c62b85f966e0777b2d98c021b60e75d7f2c2dabc43413ef37d60dbd13a5d9",
    "https://deno.land/std@0.130.0/node/internal_binding/cares_wrap.ts": "25b7b5d56612b2985260b673021828d6511a1c83b4c1927f5732cad2f2a718af",
    "https://deno.land/std@0.130.0/node/internal_binding/config.ts": "e292217d048a33573966b7d25352828d3282921fbcadce8735a20fb3da370cc4",
    "https://deno.land/std@0.130.0/node/internal_binding/connection_wrap.ts": "0380444ee94d5bd7b0b09921223d16729c9762a94e80b7f51eda49c7f42e6d0a",
    "https://deno.land/std@0.130.0/node/internal_binding/constants.ts": "aff06aac49eda4234bd3a2b0b8e1fbfc67824e281c532ff9960831ab503014cc",
    "https://deno.land/std@0.130.0/node/internal_binding/contextify.ts": "e292217d048a33573966b7d25352828d3282921fbcadce8735a20fb3da370cc4",
    "https://deno.land/std@0.130.0/node/internal_binding/credentials.ts": "e292217d048a33573966b7d25352828d3282921fbcadce8735a20fb3da370cc4",
    "https://deno.land/std@0.130.0/node/internal_binding/crypto.ts": "e292217d048a33573966b7d25352828d3282921fbcadce8735a20fb3da370cc4",
    "https://deno.land/std@0.130.0/node/internal_binding/errors.ts": "e292217d048a33573966b7d25352828d3282921fbcadce8735a20fb3da370cc4",
    "https://deno.land/std@0.130.0/node/internal_binding/fs.ts": "e292217d048a33573966b7d25352828d3282921fbcadce8735a20fb3da370cc4",
    "https://deno.land/std@0.130.0/node/internal_binding/fs_dir.ts": "e292217d048a33573966b7d25352828d3282921fbcadce8735a20fb3da370cc4",
    "https://deno.land/std@0.130.0/node/internal_binding/fs_event_wrap.ts": "e292217d048a33573966b7d25352828d3282921fbcadce8735a20fb3da370cc4",
    "https://deno.land/std@0.130.0/node/internal_binding/handle_wrap.ts": "e59df84b1fb1b9823b09774b3e512d9c0029b4557400d09dd02cd7661c2c4830",
    "https://deno.land/std@0.130.0/node/internal_binding/heap_utils.ts": "e292217d048a33573966b7d25352828d3282921fbcadce8735a20fb3da370cc4",
    "https://deno.land/std@0.130.0/node/internal_binding/http_parser.ts": "e292217d048a33573966b7d25352828d3282921fbcadce8735a20fb3da370cc4",
    "https://deno.land/std@0.130.0/node/internal_binding/icu.ts": "e292217d048a33573966b7d25352828d3282921fbcadce8735a20fb3da370cc4",
    "https://deno.land/std@0.130.0/node/internal_binding/inspector.ts": "e292217d048a33573966b7d25352828d3282921fbcadce8735a20fb3da370cc4",
    "https://deno.land/std@0.130.0/node/internal_binding/js_stream.ts": "e292217d048a33573966b7d25352828d3282921fbcadce8735a20fb3da370cc4",
    "https://deno.land/std@0.130.0/node/internal_binding/messaging.ts": "e292217d048a33573966b7d25352828d3282921fbcadce8735a20fb3da370cc4",
    "https://deno.land/std@0.130.0/node/internal_binding/mod.ts": "f68e74e8eed84eaa6b0de24f0f4c47735ed46866d7ee1c5a5e7c0667b4f0540f",
    "https://deno.land/std@0.130.0/node/internal_binding/module_wrap.ts": "e292217d048a33573966b7d25352828d3282921fbcadce8735a20fb3da370cc4",
    "https://deno.land/std@0.130.0/node/internal_binding/native_module.ts": "e292217d048a33573966b7d25352828d3282921fbcadce8735a20fb3da370cc4",
    "https://deno.land/std@0.130.0/node/internal_binding/natives.ts": "e292217d048a33573966b7d25352828d3282921fbcadce8735a20fb3da370cc4",
    "https://deno.land/std@0.130.0/node/internal_binding/node_file.ts": "c96ee0b2af319a3916de950a6c4b0d5fb00d09395c51cd239c54d95d62567aaf",
    "https://deno.land/std@0.130.0/node/internal_binding/node_options.ts": "3cd5706153d28a4f5944b8b162c1c61b7b8e368a448fb1a2cff9f7957d3db360",
    "https://deno.land/std@0.130.0/node/internal_binding/options.ts": "e292217d048a33573966b7d25352828d3282921fbcadce8735a20fb3da370cc4",
    "https://deno.land/std@0.130.0/node/internal_binding/os.ts": "e292217d048a33573966b7d25352828d3282921fbcadce8735a20fb3da370cc4",
    "https://deno.land/std@0.130.0/node/internal_binding/performance.ts": "e292217d048a33573966b7d25352828d3282921fbcadce8735a20fb3da370cc4",
    "https://deno.land/std@0.130.0/node/internal_binding/pipe_wrap.ts": "00e942327f8e1c4b74a5888a82f0e16ba775cd09af804f96b6f6849b7eab1719",
    "https://deno.land/std@0.130.0/node/internal_binding/process_methods.ts": "e292217d048a33573966b7d25352828d3282921fbcadce8735a20fb3da370cc4",
    "https://deno.land/std@0.130.0/node/internal_binding/report.ts": "e292217d048a33573966b7d25352828d3282921fbcadce8735a20fb3da370cc4",
    "https://deno.land/std@0.130.0/node/internal_binding/serdes.ts": "e292217d048a33573966b7d25352828d3282921fbcadce8735a20fb3da370cc4",
    "https://deno.land/std@0.130.0/node/internal_binding/signal_wrap.ts": "e292217d048a33573966b7d25352828d3282921fbcadce8735a20fb3da370cc4",
    "https://deno.land/std@0.130.0/node/internal_binding/spawn_sync.ts": "e292217d048a33573966b7d25352828d3282921fbcadce8735a20fb3da370cc4",
    "https://deno.land/std@0.130.0/node/internal_binding/stream_wrap.ts": "d6e96f4b89d82ad5cc9b243c3d3880c9d85086165da54a7d85821a63491e5abf",
    "https://deno.land/std@0.130.0/node/internal_binding/string_decoder.ts": "5cb1863763d1e9b458bc21d6f976f16d9c18b3b3f57eaf0ade120aee38fba227",
    "https://deno.land/std@0.130.0/node/internal_binding/symbols.ts": "51cfca9bb6132d42071d4e9e6b68a340a7f274041cfcba3ad02900886e972a6c",
    "https://deno.land/std@0.130.0/node/internal_binding/task_queue.ts": "e292217d048a33573966b7d25352828d3282921fbcadce8735a20fb3da370cc4",
    "https://deno.land/std@0.130.0/node/internal_binding/tcp_wrap.ts": "10c64d5e092a8bff99cfe05adea716e4e52f4158662a5821790953e47e2cc21c",
    "https://deno.land/std@0.130.0/node/internal_binding/timers.ts": "e292217d048a33573966b7d25352828d3282921fbcadce8735a20fb3da370cc4",
    "https://deno.land/std@0.130.0/node/internal_binding/tls_wrap.ts": "e292217d048a33573966b7d25352828d3282921fbcadce8735a20fb3da370cc4",
    "https://deno.land/std@0.130.0/node/internal_binding/trace_events.ts": "e292217d048a33573966b7d25352828d3282921fbcadce8735a20fb3da370cc4",
    "https://deno.land/std@0.130.0/node/internal_binding/tty_wrap.ts": "e292217d048a33573966b7d25352828d3282921fbcadce8735a20fb3da370cc4",
    "https://deno.land/std@0.130.0/node/internal_binding/types.ts": "4c26fb74ba2e45de553c15014c916df6789529a93171e450d5afb016b4c765e7",
    "https://deno.land/std@0.130.0/node/internal_binding/udp_wrap.ts": "e292217d048a33573966b7d25352828d3282921fbcadce8735a20fb3da370cc4",
    "https://deno.land/std@0.130.0/node/internal_binding/url.ts": "e292217d048a33573966b7d25352828d3282921fbcadce8735a20fb3da370cc4",
    "https://deno.land/std@0.130.0/node/internal_binding/util.ts": "90364292e2bd598ab5d105b48ca49817b6708f2d1d9cbaf08b2b3ab5ca4c90a7",
    "https://deno.land/std@0.130.0/node/internal_binding/uv.ts": "3821bc5e676d6955d68f581988c961d77dd28190aba5a9c59f16001a4deb34ba",
    "https://deno.land/std@0.130.0/node/internal_binding/v8.ts": "e292217d048a33573966b7d25352828d3282921fbcadce8735a20fb3da370cc4",
    "https://deno.land/std@0.130.0/node/internal_binding/worker.ts": "e292217d048a33573966b7d25352828d3282921fbcadce8735a20fb3da370cc4",
    "https://deno.land/std@0.130.0/node/internal_binding/zlib.ts": "e292217d048a33573966b7d25352828d3282921fbcadce8735a20fb3da370cc4",
    "https://deno.land/std@0.130.0/node/process.ts": "d4167a98eb3dcc0cc8ef1977ecd66bb57a050627b6e9f7e742407d3afa39fd73",
    "https://deno.land/std@0.130.0/node/stream.ts": "d127faa074a9e3886e4a01dcfe9f9a6a4b5641f76f6acc356e8ded7da5dc2c81",
    "https://deno.land/std@0.130.0/node/stream/promises.mjs": "b263c09f2d6bd715dc514fab3f99cca84f442e2d23e87adbe76e32ea46fc87e6",
    "https://deno.land/std@0.130.0/node/string_decoder.ts": "51ce85a173d2e36ac580d418bb48b804adb41732fc8bd85f7d5d27b7accbc61f",
    "https://deno.land/std@0.130.0/node/util.ts": "7fd6933b37af89a8e64d73dc6ee1732455a59e7e6d0965311fbd73cd634ea630",
    "https://deno.land/std@0.130.0/node/util/types.mjs": "f9288198cacd374b41bae7e92a23179d3160f4c0eaf14e19be3a4e7057219a60",
    "https://deno.land/std@0.130.0/path/_constants.ts": "df1db3ffa6dd6d1252cc9617e5d72165cd2483df90e93833e13580687b6083c3",
    "https://deno.land/std@0.130.0/path/_interface.ts": "ee3b431a336b80cf445441109d089b70d87d5e248f4f90ff906820889ecf8d09",
    "https://deno.land/std@0.130.0/path/_util.ts": "c1e9686d0164e29f7d880b2158971d805b6e0efc3110d0b3e24e4b8af2190d2b",
    "https://deno.land/std@0.130.0/path/common.ts": "bee563630abd2d97f99d83c96c2fa0cca7cee103e8cb4e7699ec4d5db7bd2633",
    "https://deno.land/std@0.130.0/path/glob.ts": "cb5255638de1048973c3e69e420c77dc04f75755524cb3b2e160fe9277d939ee",
    "https://deno.land/std@0.130.0/path/mod.ts": "4275129bb766f0e475ecc5246aa35689eeade419d72a48355203f31802640be7",
    "https://deno.land/std@0.130.0/path/posix.ts": "663e4a6fe30a145f56aa41a22d95114c4c5582d8b57d2d7c9ed27ad2c47636bb",
    "https://deno.land/std@0.130.0/path/separator.ts": "fe1816cb765a8068afb3e8f13ad272351c85cbc739af56dacfc7d93d710fe0f9",
    "https://deno.land/std@0.130.0/path/win32.ts": "e7bdf63e8d9982b4d8a01ef5689425c93310ece950e517476e22af10f41a136e",
    "https://deno.land/std@0.130.0/streams/conversion.ts": "712585bfa0172a97fb68dd46e784ae8ad59d11b88079d6a4ab098ff42e697d21",
    "https://deno.land/std@0.130.0/testing/_diff.ts": "9d849cd6877694152e01775b2d93f9d6b7aef7e24bfe3bfafc4d7a1ac8e9f392",
    "https://deno.land/std@0.130.0/testing/asserts.ts": "b0ef969032882b1f7eb1c7571e313214baa1485f7b61cf35807b2434e254365c",
    "https://deno.land/std@0.137.0/fmt/colors.ts": "30455035d6d728394781c10755351742dd731e3db6771b1843f9b9e490104d37",
    "https://deno.land/std@0.138.0/_util/assert.ts": "e94f2eb37cebd7f199952e242c77654e43333c1ac4c5c700e929ea3aa5489f74",
    "https://deno.land/std@0.138.0/flags/mod.ts": "019df8a63ed24df2d10be22e8983aa9253623e871228a2f8f328ff2d0404f7ef",
    "https://deno.land/std@0.138.0/fmt/colors.ts": "30455035d6d728394781c10755351742dd731e3db6771b1843f9b9e490104d37",
    "https://deno.land/std@0.138.0/testing/_diff.ts": "029a00560b0d534bc0046f1bce4bd36b3b41ada3f2a3178c85686eb2ff5f1413",
    "https://deno.land/std@0.138.0/testing/_format.ts": "0d8dc79eab15b67cdc532826213bbe05bccfd276ca473a50a3fc7bbfb7260642",
    "https://deno.land/std@0.138.0/testing/asserts.ts": "dc7ab67b635063989b4aec8620dbcc6fa7c2465f2d9c856bddf8c0e7b45b4481",
    "https://deno.land/std@0.221.0/assert/assert.ts": "bec068b2fccdd434c138a555b19a2c2393b71dfaada02b7d568a01541e67cdc5",
    "https://deno.land/std@0.221.0/assert/assertion_error.ts": "9f689a101ee586c4ce92f52fa7ddd362e86434ffdf1f848e45987dc7689976b8",
    "https://deno.land/std@0.221.0/console/_data.json": "cf2cc9d039a192b3adbfe64627167c7e6212704c888c25c769fc8f1709e1e1b8",
    "https://deno.land/std@0.221.0/console/_run_length.ts": "7da8642a0f4f41ac27c0adb1364e18886be856c1d08c5cce6c6b5c00543c8722",
    "https://deno.land/std@0.221.0/console/unicode_width.ts": "d92f085c0ab9c7ab171e4e7862dfd9d3a36ffd369939be5d3e1140ec58bc820f",
    "https://deno.land/std@0.221.0/fmt/colors.ts": "d239d84620b921ea520125d778947881f62c50e78deef2657073840b8af9559a",
    "https://deno.land/x/ansi_styles@1.0.1/lib/constants.ts": "4bc8ccccd548f4eac5bc29bbe24956bad3f63b83ad92289e09d32cbe77bf67f1",
    "https://deno.land/x/ansi_styles@1.0.1/lib/main.ts": "ece1f6c368f4fb289205378bea4a2f67e5b0ec0f3cd75df10f31d2f234d798fb",
    "https://deno.land/x/ansi_styles@1.0.1/lib/utils.ts": "2c887afbb6ac730872395fa9a75a0543a6bac65419cd1fb3eb0fc4c3b354e889",
    "https://deno.land/x/ansi_styles@1.0.1/mod.ts": "9b544557ba79193cce17078fa20959f2c2b816f3fd8b209658e66a603e8f3dff",
    "https://deno.land/x/chalkin@v0.1.3/chalkin.ts": "eb491d3e7ee3f558771772510b02ca1ed3f4a49c45f469cff8b5f1d53229f0cd",
    "https://deno.land/x/chalkin@v0.1.3/mod.ts": "e81d6db79a9d95920706362a20e4307964ef2af7ffef90de4e1abb223fc17b8e",
    "https://deno.land/x/cliffy@v0.24.0/_utils/distance.ts": "02af166952c7c358ac83beae397aa2fbca4ad630aecfcd38d92edb1ea429f004",
    "https://deno.land/x/cliffy@v0.24.0/command/_errors.ts": "979a5d3f91b9da60a5871a14c4d7aa88ad4e3258da2df7b83bf40d00949ca944",
    "https://deno.land/x/cliffy@v0.24.0/command/_utils.ts": "a17433eaa5fa2931a78590c6ee146129446992214a9483328b321cabd106ed42",
    "https://deno.land/x/cliffy@v0.24.0/command/command.ts": "26fe5a02cb025e27a635928e715a5e2971889f76cc8cd4beaa870fdd95f2db5d",
    "https://deno.land/x/cliffy@v0.24.0/command/completions/_bash_completions_generator.ts": "038f70cdf8a84f851984b8aec3e63fe1b4c96455dd34b8b0bc49f2ef97996c00",
    "https://deno.land/x/cliffy@v0.24.0/command/completions/_fish_completions_generator.ts": "be4bc20ec11be0248aa3cb2c1451ed4c25433682aa8dc0563e1a7e0a44935d14",
    "https://deno.land/x/cliffy@v0.24.0/command/completions/_zsh_completions_generator.ts": "532a5e4ca81e1582dc75047cffaefe4c314f6110cb63089a0a8ab315e251fbd3",
    "https://deno.land/x/cliffy@v0.24.0/command/completions/bash.ts": "774e6be686d245f783d65b06d6822af1bff303beb19490b29a0e0f781556cfad",
    "https://deno.land/x/cliffy@v0.24.0/command/completions/complete.ts": "d9526b968581d9eea9cf2bc58e2c073b76b201da686b817217ea730b98bede53",
    "https://deno.land/x/cliffy@v0.24.0/command/completions/fish.ts": "c2f353f361c77bbce53e2a8bf064955b028ef6dc0eecca01a7d1f64397b61304",
    "https://deno.land/x/cliffy@v0.24.0/command/completions/mod.ts": "48cb38a4c82533e25ac58f27e810c183c0b14d87bc189ba90d86e29eba1cc6aa",
    "https://deno.land/x/cliffy@v0.24.0/command/completions/zsh.ts": "3eb1bfcfb7c1e4dd35b1d2e34a37c2a44a4dc54fdd8a8e4dcb5f933ad193202b",
    "https://deno.land/x/cliffy@v0.24.0/command/deps.ts": "27f48427a1a2ee7fb3117a2f77d14acc82442cd6c0422ad7bfc02f1c0d3ca3c5",
    "https://deno.land/x/cliffy@v0.24.0/command/help/_help_generator.ts": "e41b9513f0a8cf55dda713a5e10579835696450aaebfb6517efbb828802cacf9",
    "https://deno.land/x/cliffy@v0.24.0/command/help/mod.ts": "01dd638a19ec6fce52317b3398201747d1e1d7ba4352b9a0aed084c7abe5d195",
    "https://deno.land/x/cliffy@v0.24.0/command/mod.ts": "d2da7a3d171a7737173525815d7dbe2e3dad3b20f2283385d99b78b5381a8bb5",
    "https://deno.land/x/cliffy@v0.24.0/command/type.ts": "2c0e15a618e8c71c7d2654a3cc819ba50b5f4f11828e84210112801363db880d",
    "https://deno.land/x/cliffy@v0.24.0/command/types.ts": "872fb41628386fe5ca74e25334ae0208df7bc3dd0e1efeb4c29d64b8f6c3e3a5",
    "https://deno.land/x/cliffy@v0.24.0/command/types/action_list.ts": "33c98d449617c7a563a535c9ceb3741bde9f6363353fd492f90a74570c611c27",
    "https://deno.land/x/cliffy@v0.24.0/command/types/boolean.ts": "bf0fbaacbd79398f4f4a832437a8ac49f34f12fe42b8b44dca68ad23cd7b02e8",
    "https://deno.land/x/cliffy@v0.24.0/command/types/child_command.ts": "f1fca390c7fbfa7a713ca15ef55c2c7656bcbb394d50e8ef54085bdf6dc22559",
    "https://deno.land/x/cliffy@v0.24.0/command/types/command.ts": "325d0382e383b725fd8d0ef34ebaeae082c5b76a1f6f2e843fee5dbb1a4fe3ac",
    "https://deno.land/x/cliffy@v0.24.0/command/types/enum.ts": "339bd817816b6f5820843e054d85bff7b5b2b65631f288598afeb280edc640ec",
    "https://deno.land/x/cliffy@v0.24.0/command/types/file.ts": "8618f16ac9015c8589cbd946b3de1988cc4899b90ea251f3325c93c46745140e",
    "https://deno.land/x/cliffy@v0.24.0/command/types/integer.ts": "b49ef8c43fe59ccf67e792c72ff350520dab08c9bd552eff004e134f292daa06",
    "https://deno.land/x/cliffy@v0.24.0/command/types/number.ts": "32c3d1decf3b8d9dfa10b0027b07e9c6753c0059d1ccf2d1d768b879d05e0d3e",
    "https://deno.land/x/cliffy@v0.24.0/command/types/string.ts": "e415dd7bce1b4d0ac4417e370a41a8c7a476f78cb19bf4a757ba11da343f344c",
    "https://deno.land/x/cliffy@v0.24.0/flags/_errors.ts": "fa4a46b85051dd18683f6aba145b96e422d47a17744fc02db8f169915ca725c1",
    "https://deno.land/x/cliffy@v0.24.0/flags/_utils.ts": "c5e81d8c59e46b924c5ec02e112613708c83328ca1fc9ebc5b7be72f3a63b1e8",
    "https://deno.land/x/cliffy@v0.24.0/flags/flags.ts": "7ef7c081127dc013e1fc66b576e54b8e585318d3a5c064d48924223ba18360e2",
    "https://deno.land/x/cliffy@v0.24.0/flags/types.ts": "c1ccc9574c69a0a3120f2464a5667b7169b6e3784f415aa3d5ca09cb36af653a",
    "https://deno.land/x/cliffy@v0.24.0/flags/types/boolean.ts": "3a80c2332c2f2f58427774cd0ed15b773be2c6bab6323ab4085ac7eaed9fe021",
    "https://deno.land/x/cliffy@v0.24.0/flags/types/integer.ts": "931b6c9f748a839ad304d60851159ebe3f26ccea50fb0907925a94e93772acaf",
    "https://deno.land/x/cliffy@v0.24.0/flags/types/number.ts": "ace1b124c644f4fac2a7bf781fafe3f8a32528b22ec939a3291424a313c8e301",
    "https://deno.land/x/cliffy@v0.24.0/flags/types/string.ts": "2764413b7f86962152fd0ac3edf5107b94cb6ae8a237243d65c3a2eb2073d624",
    "https://deno.land/x/cliffy@v0.24.0/flags/validate_flags.ts": "f557d4cf3b1c5babc8b9a846beca54747a557d831d0c21614199b79197d44e9e",
    "https://deno.land/x/cliffy@v0.24.0/table/border.ts": "2514abae4e4f51eda60a5f8c927ba24efd464a590027e900926b38f68e01253c",
    "https://deno.land/x/cliffy@v0.24.0/table/cell.ts": "1d787d8006ac8302020d18ec39f8d7f1113612c20801b973e3839de9c3f8b7b3",
    "https://deno.land/x/cliffy@v0.24.0/table/deps.ts": "2a6b3ebe64a29cee447b23e4b020ebebb28c8420ae0e084ae2ccc8c8d4ac77a7",
    "https://deno.land/x/cliffy@v0.24.0/table/layout.ts": "41015764d0d6ea9ca74d24f4113ef2457fe659d87b0624a39d7dba82e4a22d7f",
    "https://deno.land/x/cliffy@v0.24.0/table/row.ts": "707c8f9c71f28e7ded22a053c13c0988a9598eec0a9e2a7aea7d15cad64d3cfe",
    "https://deno.land/x/cliffy@v0.24.0/table/table.ts": "3905c40d030626faab87a3e2e24982382c0d4c11eccae829a9e04db94d29e3e9",
    "https://deno.land/x/cliffy@v0.24.0/table/utils.ts": "187bb7dcbcfb16199a5d906113f584740901dfca1007400cba0df7dcd341bc29",
    "https://deno.land/x/cliffy@v1.0.0-rc.4/table/_layout.ts": "73a9bcb8a87b3a6817c4c9d2a31a21b874a7dd690ade1c64c9a1f066d628d626",
    "https://deno.land/x/cliffy@v1.0.0-rc.4/table/_utils.ts": "13390db3f11977b7a4fc1202fa8386be14696b475a7f46a65178354f9a6640b7",
    "https://deno.land/x/cliffy@v1.0.0-rc.4/table/border.ts": "5c6e9ef5078c6930169aacb668b274bdbb498461c724a7693ac9270fe9d3f5d5",
    "https://deno.land/x/cliffy@v1.0.0-rc.4/table/cell.ts": "65e3ee699c3cebeb4d4d44e8f156e37a8532a0f317359d73178a95724d3f9267",
    "https://deno.land/x/cliffy@v1.0.0-rc.4/table/column.ts": "cf14009f2cb14bad156f879946186c1893acdc6a2fee6845db152edddb6a2714",
    "https://deno.land/x/cliffy@v1.0.0-rc.4/table/consume_words.ts": "369d065dbf7f15c664ea8523e0ef750fb952aea6d88e146c375e64aec9503052",
    "https://deno.land/x/cliffy@v1.0.0-rc.4/table/deps.ts": "cbb896e8d7a6b5e3c2b9dda7d16638c202d9b46eb738c2dae1fa9480d8091486",
    "https://deno.land/x/cliffy@v1.0.0-rc.4/table/mod.ts": "40f148428acbfffa270f7077c403b3893797d9e454a74ccb41a8434367351326",
    "https://deno.land/x/cliffy@v1.0.0-rc.4/table/row.ts": "79eb1468aafdd951e5963898cdafe0752d4ab4c519d5f847f3d8ecb8fe857d4f",
    "https://deno.land/x/cliffy@v1.0.0-rc.4/table/table.ts": "298671e72e61f1ab18b42ae36643181993f79e29b39dc411fdc6ffd53aa04684",
    "https://deno.land/x/denomander@0.9.3/deps.ts": "ee3eaf845a9837e38bfd660fd3521c85b3decc5f264b7c6e474627a46f87e9bf",
    "https://deno.land/x/denomander@0.9.3/mod.ts": "eb4b69cb286079982ac85c30591a2311047441f2bc2c9ad137f738843933965a",
    "https://deno.land/x/denomander@0.9.3/src/Arguments.ts": "597037e58244baa1d9acb216da77913d3a4e9885fafadc76929155a4f0a74298",
    "https://deno.land/x/denomander@0.9.3/src/Command.ts": "f27085b553809674dec027ffd5b8f4470730af8186856850ee9689c48cd0c095",
    "https://deno.land/x/denomander@0.9.3/src/CustomOption.ts": "22316399f71ce584d36e242643113456cf7d93b195b4667a3cf4c1e20c8847ae",
    "https://deno.land/x/denomander@0.9.3/src/Denomander.ts": "597491b5bfbb653ae5e05d0307cfb0c733615e7dbc3322b7da36523dd306ebd6",
    "https://deno.land/x/denomander@0.9.3/src/Executor.ts": "fa3a1132981369a97636af17139a316885e05810806498daf15a8197b0f032eb",
    "https://deno.land/x/denomander@0.9.3/src/Kernel.ts": "7800e95588c341ee46019991453f60e54e850a2d6293dbd81dfca3b212d2db47",
    "https://deno.land/x/denomander@0.9.3/src/Option.ts": "a272450bb3e814ee2ef1776f75c595e50230c3f56fd16c85809c122979dbf492",
    "https://deno.land/x/denomander@0.9.3/src/Validator.ts": "b7f56a2bd773ab52394bf0d7d8b47379331eead2dcd1282062c045bec215a020",
    "https://deno.land/x/denomander@0.9.3/src/printer/Printer.ts": "ff4b25a2c734322ea60ce43a7c66f39e28bb0b32ca105bcdf78e5741d0ecab60",
    "https://deno.land/x/denomander@0.9.3/src/printer/colors.ts": "ba785bf6a5975200e29fd120e34a78cf192b43fd25deed3b2516c05f833fc941",
    "https://deno.land/x/denomander@0.9.3/src/types/interfaces.ts": "1a64640a774f6a6a0c4f23aa3886b5e19acd07da7b72fa5365e3cd208457c704",
    "https://deno.land/x/denomander@0.9.3/src/types/types.ts": "8c575c785e522269e454f6130aea764d829d581566b06fc1fc87e3fce3779856",
    "https://deno.land/x/denomander@0.9.3/src/utils/detect.ts": "e20b93554e8d87126a0a813c247a53b8781c6a65bbd1ca0cd6526567e84f878a",
    "https://deno.land/x/denomander@0.9.3/src/utils/find.ts": "0a74d7a081a0c97ded180e5ce728bd1b156e7aaf67116713ddc4abe545e44ded",
    "https://deno.land/x/denomander@0.9.3/src/utils/print.ts": "6d6a6d86f14ced800bb1c49eed2d2ea20f5f33a922aba60659e221b4a7e942ff",
    "https://deno.land/x/denomander@0.9.3/src/utils/remove.ts": "e80f1d257f76cbcafafc855debe7274c59db319639b51aca63a63003e8cf1118",
    "https://deno.land/x/denomander@0.9.3/src/utils/set.ts": "a89fe0f27575cecd5f5fdaa6907f13a387a03c83b3ef66fd317d114f4dc0fe3e",
    "https://deno.land/x/denomander@0.9.3/src/utils/utils.ts": "fc29c3b267065685c45d24b3e597e67bee94b2b9d68b5739625051358fef541e",
    "https://deno.land/x/minitable@v1.0/mod.ts": "208ee3c22301fd2445012f8eacc8022fbd115b04b9fb3638a84296b13d9da364"
  }
}
